
Microsoft Visual Studio Solution File, Format Version 12.00
# Visual Studio Version 16
VisualStudioVersion = 16.0.28803.202
MinimumVisualStudioVersion = 10.0.40219.1
Project("{FAE04EC0-301F-11D3-BF4B-00C04F79EFBC}") = "FoodNStuff.MVC", "FoodNStuff.MVC\FoodNStuff.MVC.csproj", "{BC0FC006-B175-4003-A1B9-9222B3F6A18A}"
EndProject
Global
	GlobalSection(SolutionConfigurationPlatforms) = preSolution
		Debug|Any CPU = Debug|Any CPU
		Release|Any CPU = Release|Any CPU
	EndGlobalSection
	GlobalSection(ProjectConfigurationPlatforms) = postSolution
		{BC0FC006-B175-4003-A1B9-9222B3F6A18A}.Debug|Any CPU.ActiveCfg = Debug|Any CPU
		{BC0FC006-B175-4003-A1B9-9222B3F6A18A}.Debug|Any CPU.Build.0 = Debug|Any CPU
		{BC0FC006-B175-4003-A1B9-9222B3F6A18A}.Release|Any CPU.ActiveCfg = Release|Any CPU
		{BC0FC006-B175-4003-A1B9-9222B3F6A18A}.Release|Any CPU.Build.0 = Release|Any CPU
	EndGlobalSection
	GlobalSection(SolutionProperties) = preSolution
		HideSolutionNode = FALSE
	EndGlobalSection
	GlobalSection(ExtensibilityGlobals) = postSolution
		SolutionGuid = {6E0EEA5D-C931-4B62-A1F2-D1BF98DF1C1E}
	EndGlobalSection
EndGlobal
